
Microsoft Visual Studio Solution File, Format Version 12.00
# Visual Studio Version 16
VisualStudioVersion = 16.0.31112.23
MinimumVisualStudioVersion = 10.0.40219.1
Project("{FAE04EC0-301F-11D3-BF4B-00C04F79EFBC}") = "PSBoinc", "PSBoinc\PSBoinc.csproj", "{E40F44CA-34DC-4D80-988C-E743BE1C01AD}"
EndProject
Global
	GlobalSection(SolutionConfigurationPlatforms) = preSolution
		Debug|Any CPU = Debug|Any CPU
		Release|Any CPU = Release|Any CPU
	EndGlobalSection
	GlobalSection(ProjectConfigurationPlatforms) = postSolution
		{E40F44CA-34DC-4D80-988C-E743BE1C01AD}.Debug|Any CPU.ActiveCfg = Debug|Any CPU
		{E40F44CA-34DC-4D80-988C-E743BE1C01AD}.Debug|Any CPU.Build.0 = Debug|Any CPU
		{E40F44CA-34DC-4D80-988C-E743BE1C01AD}.Release|Any CPU.ActiveCfg = Release|Any CPU
		{E40F44CA-34DC-4D80-988C-E743BE1C01AD}.Release|Any CPU.Build.0 = Release|Any CPU
	EndGlobalSection
	GlobalSection(SolutionProperties) = preSolution
		HideSolutionNode = FALSE
	EndGlobalSection
	GlobalSection(ExtensibilityGlobals) = postSolution
		SolutionGuid = {994773FD-E3D0-40EC-9106-4FE70A95C4C6}
	EndGlobalSection
EndGlobal
